// !$*UTF8*$!
{
	archiveVersion = 1;
	classes = {
	};
	objectVersion = 77;
	objects = {

/* Begin PBXBuildFile section */
		0E43BF66DC59A336E2E698D8 /* ContentView.swift in Sources */ = {isa = PBXBuildFile; fileRef = E45697449E49A8290893DB85 /* ContentView.swift */; };
		276D28351A4F7153DC55C484 /* AmachBreatheApp.swift in Sources */ = {isa = PBXBuildFile; fileRef = 86EEDA969D8D4B35E5E0CF19 /* AmachBreatheApp.swift */; };
		59E306DBE63E4F56D0FC53D0 /* AmachBreatheShared in Frameworks */ = {isa = PBXBuildFile; productRef = AD5D80E56CC0C91F666C2ED6 /* AmachBreatheShared */; };
		907334C15011F406CC93E2D3 /* AmachBreatheShared in Frameworks */ = {isa = PBXBuildFile; productRef = 76A2C03C0ADCBD8F834AD57F /* AmachBreatheShared */; };
		BCA5021795609855575CD5FE /* WatchContentView.swift in Sources */ = {isa = PBXBuildFile; fileRef = 8E95C15232BEA6143056723A /* WatchContentView.swift */; };
		CBA98E3A9653DFD2F49D77A7 /* AmachBreatheShared in Frameworks */ = {isa = PBXBuildFile; productRef = 2A4BA8C7FAA7AFF50FFA0707 /* AmachBreatheShared */; };
		D4863F57713FB5A59BB28D33 /* AmachBreatheWatchApp.swift in Sources */ = {isa = PBXBuildFile; fileRef = EF23B5FEADFC0762F10EE429 /* AmachBreatheWatchApp.swift */; };
		F91941A76702CE3ECA1901A5 /* AmachBreatheTests.swift in Sources */ = {isa = PBXBuildFile; fileRef = 29FF35CDB67B488EC36389C3 /* AmachBreatheTests.swift */; };
/* End PBXBuildFile section */

/* Begin PBXContainerItemProxy section */
		22BCFE0BD6CB7716D15B7B86 /* PBXContainerItemProxy */ = {
			isa = PBXContainerItemProxy;
			containerPortal = 080D6D09391BB7CA9DF2F786 /* Project object */;
			proxyType = 1;
			remoteGlobalIDString = D5E24FFB8A57E26E03D39354;
			remoteInfo = AmachBreathe;
		};
/* End PBXContainerItemProxy section */

/* Begin PBXFileReference section */
		172C4A356E8CFD3E9CCC085E /* AmachBreatheWatch.app */ = {isa = PBXFileReference; explicitFileType = wrapper.application; includeInIndex = 0; path = AmachBreatheWatch.app; sourceTree = BUILT_PRODUCTS_DIR; };
		189E3A52ECD338569B679F86 /* AmachBreathe.app */ = {isa = PBXFileReference; includeInIndex = 0; lastKnownFileType = wrapper.application; path = AmachBreathe.app; sourceTree = BUILT_PRODUCTS_DIR; };
		29FF35CDB67B488EC36389C3 /* AmachBreatheTests.swift */ = {isa = PBXFileReference; lastKnownFileType = sourcecode.swift; path = AmachBreatheTests.swift; sourceTree = "<group>"; };
		3FC5800DD5B16BFAE4612A9A /* Info.plist */ = {isa = PBXFileReference; lastKnownFileType = text.plist; path = Info.plist; sourceTree = "<group>"; };
		6BC10E4810C8CD0DD042255D /* AmachBreatheTests.xctest */ = {isa = PBXFileReference; includeInIndex = 0; lastKnownFileType = wrapper.cfbundle; path = AmachBreatheTests.xctest; sourceTree = BUILT_PRODUCTS_DIR; };
		86EEDA969D8D4B35E5E0CF19 /* AmachBreatheApp.swift */ = {isa = PBXFileReference; lastKnownFileType = sourcecode.swift; path = AmachBreatheApp.swift; sourceTree = "<group>"; };
		8E95C15232BEA6143056723A /* WatchContentView.swift */ = {isa = PBXFileReference; lastKnownFileType = sourcecode.swift; path = WatchContentView.swift; sourceTree = "<group>"; };
		C19FAC1F75D0942CA96513C2 /* Info.plist */ = {isa = PBXFileReference; lastKnownFileType = text.plist; path = Info.plist; sourceTree = "<group>"; };
		E45697449E49A8290893DB85 /* ContentView.swift */ = {isa = PBXFileReference; lastKnownFileType = sourcecode.swift; path = ContentView.swift; sourceTree = "<group>"; };
		EF23B5FEADFC0762F10EE429 /* AmachBreatheWatchApp.swift */ = {isa = PBXFileReference; lastKnownFileType = sourcecode.swift; path = AmachBreatheWatchApp.swift; sourceTree = "<group>"; };
		F09B6A583040A7768C2E0B0C /* Shared */ = {isa = PBXFileReference; lastKnownFileType = folder; name = Shared; path = Shared; sourceTree = SOURCE_ROOT; };
/* End PBXFileReference section */

/* Begin PBXFrameworksBuildPhase section */
		5A112E3A8C1ADC7F43234F2D /* Frameworks */ = {
			isa = PBXFrameworksBuildPhase;
			buildActionMask = 2147483647;
			files = (
				907334C15011F406CC93E2D3 /* AmachBreatheShared in Frameworks */,
			);
			runOnlyForDeploymentPostprocessing = 0;
		};
		5E4085E664AD1CA3373583B4 /* Frameworks */ = {
			isa = PBXFrameworksBuildPhase;
			buildActionMask = 2147483647;
			files = (
				59E306DBE63E4F56D0FC53D0 /* AmachBreatheShared in Frameworks */,
			);
			runOnlyForDeploymentPostprocessing = 0;
		};
		BE9875F38744D7F7EDB20322 /* Frameworks */ = {
			isa = PBXFrameworksBuildPhase;
			buildActionMask = 2147483647;
			files = (
				CBA98E3A9653DFD2F49D77A7 /* AmachBreatheShared in Frameworks */,
			);
			runOnlyForDeploymentPostprocessing = 0;
		};
/* End PBXFrameworksBuildPhase section */

/* Begin PBXGroup section */
		08117B906245DC9D7A71FDF6 /* Services */ = {
			isa = PBXGroup;
			children = (
			);
			path = Services;
			sourceTree = "<group>";
		};
		0989AD175B6A6A356738E671 /* History */ = {
			isa = PBXGroup;
			children = (
			);
			path = History;
			sourceTree = "<group>";
		};
		0B7DE26DA3DFD68AFD065818 /* Sources */ = {
			isa = PBXGroup;
			children = (
				9D309257DDA38C2DD2845024 /* App */,
				471446B73697FFC0BAC98CFC /* Models */,
				6E2A08509D4726C69170E0B7 /* Services */,
				12C91D6ECC6DCED595E5FC47 /* Views */,
			);
			path = Sources;
			sourceTree = "<group>";
		};
		12C91D6ECC6DCED595E5FC47 /* Views */ = {
			isa = PBXGroup;
			children = (
				A3D47D03741252ACE56A1BDB /* Calibration */,
				986AC6445DE6CAFBC414AC9E /* Connection */,
				0989AD175B6A6A356738E671 /* History */,
				D09E780FF093B91619250829 /* Onboarding */,
				2F0A769992BE80C397DEDBA9 /* Settings */,
				4A74AA9B200A55F559802C12 /* Subscription */,
			);
			path = Views;
			sourceTree = "<group>";
		};
		2F0A769992BE80C397DEDBA9 /* Settings */ = {
			isa = PBXGroup;
			children = (
			);
			path = Settings;
			sourceTree = "<group>";
		};
		471446B73697FFC0BAC98CFC /* Models */ = {
			isa = PBXGroup;
			children = (
			);
			path = Models;
			sourceTree = "<group>";
		};
		4A74AA9B200A55F559802C12 /* Subscription */ = {
			isa = PBXGroup;
			children = (
			);
			path = Subscription;
			sourceTree = "<group>";
		};
		4F19345752ED3E203CBB6D74 /* QuickStartView */ = {
			isa = PBXGroup;
			children = (
			);
			path = QuickStartView;
			sourceTree = "<group>";
		};
		52C2A2F12CFA3E29D33EB53B /* Unit */ = {
			isa = PBXGroup;
			children = (
				29FF35CDB67B488EC36389C3 /* AmachBreatheTests.swift */,
			);
			path = Unit;
			sourceTree = "<group>";
		};
		6E2A08509D4726C69170E0B7 /* Services */ = {
			isa = PBXGroup;
			children = (
			);
			path = Services;
			sourceTree = "<group>";
		};
		738DB7A99F7C687D39CBEB40 /* Sources */ = {
			isa = PBXGroup;
			children = (
				7963214589E3F477180419DF /* App */,
				A55986494109714D7DD0E8F3 /* Models */,
				08117B906245DC9D7A71FDF6 /* Services */,
				FBF08FA423F50FEB7C674AF3 /* Views */,
			);
			path = Sources;
			sourceTree = "<group>";
		};
		7963214589E3F477180419DF /* App */ = {
			isa = PBXGroup;
			children = (
				EF23B5FEADFC0762F10EE429 /* AmachBreatheWatchApp.swift */,
				C19FAC1F75D0942CA96513C2 /* Info.plist */,
				8E95C15232BEA6143056723A /* WatchContentView.swift */,
			);
			path = App;
			sourceTree = "<group>";
		};
		8836DDDA6DE93AF6DE7D3BF6 /* Packages */ = {
			isa = PBXGroup;
			children = (
				F09B6A583040A7768C2E0B0C /* Shared */,
			);
			name = Packages;
			sourceTree = "<group>";
		};
		8E19228BFD8D2F4F0262D62C /* Tests */ = {
			isa = PBXGroup;
			children = (
				52C2A2F12CFA3E29D33EB53B /* Unit */,
			);
			path = Tests;
			sourceTree = "<group>";
		};
		8F413C3010E508440FFE6D20 /* iOS */ = {
			isa = PBXGroup;
			children = (
				0B7DE26DA3DFD68AFD065818 /* Sources */,
				8E19228BFD8D2F4F0262D62C /* Tests */,
			);
			path = iOS;
			sourceTree = "<group>";
		};
		986AC6445DE6CAFBC414AC9E /* Connection */ = {
			isa = PBXGroup;
			children = (
			);
			path = Connection;
			sourceTree = "<group>";
		};
		9D309257DDA38C2DD2845024 /* App */ = {
			isa = PBXGroup;
			children = (
				86EEDA969D8D4B35E5E0CF19 /* AmachBreatheApp.swift */,
				E45697449E49A8290893DB85 /* ContentView.swift */,
				3FC5800DD5B16BFAE4612A9A /* Info.plist */,
			);
			path = App;
			sourceTree = "<group>";
		};
		A3D47D03741252ACE56A1BDB /* Calibration */ = {
			isa = PBXGroup;
			children = (
			);
			path = Calibration;
			sourceTree = "<group>";
		};
		A55986494109714D7DD0E8F3 /* Models */ = {
			isa = PBXGroup;
			children = (
			);
			path = Models;
			sourceTree = "<group>";
		};
		B3290946BE3650D73C13C2EF /* watchOS */ = {
			isa = PBXGroup;
			children = (
				738DB7A99F7C687D39CBEB40 /* Sources */,
			);
			path = watchOS;
			sourceTree = "<group>";
		};
		B6892B264A127422C13F5E69 /* SessionView */ = {
			isa = PBXGroup;
			children = (
			);
			path = SessionView;
			sourceTree = "<group>";
		};
		CEB010712A71AF98397F8CC4 /* Products */ = {
			isa = PBXGroup;
			children = (
				189E3A52ECD338569B679F86 /* AmachBreathe.app */,
				6BC10E4810C8CD0DD042255D /* AmachBreatheTests.xctest */,
				172C4A356E8CFD3E9CCC085E /* AmachBreatheWatch.app */,
			);
			name = Products;
			sourceTree = "<group>";
		};
		D09E780FF093B91619250829 /* Onboarding */ = {
			isa = PBXGroup;
			children = (
			);
			path = Onboarding;
			sourceTree = "<group>";
		};
		E329ECCF579C4B818CA62F77 = {
			isa = PBXGroup;
			children = (
				8F413C3010E508440FFE6D20 /* iOS */,
				8836DDDA6DE93AF6DE7D3BF6 /* Packages */,
				B3290946BE3650D73C13C2EF /* watchOS */,
				CEB010712A71AF98397F8CC4 /* Products */,
			);
			sourceTree = "<group>";
		};
		FBF08FA423F50FEB7C674AF3 /* Views */ = {
			isa = PBXGroup;
			children = (
				4F19345752ED3E203CBB6D74 /* QuickStartView */,
				B6892B264A127422C13F5E69 /* SessionView */,
			);
			path = Views;
			sourceTree = "<group>";
		};
/* End PBXGroup section */

/* Begin PBXNativeTarget section */
		1840F8FB88A78A167D58C60D /* AmachBreatheTests */ = {
			isa = PBXNativeTarget;
			buildConfigurationList = 28CD51A6A762341250E0A386 /* Build configuration list for PBXNativeTarget "AmachBreatheTests" */;
			buildPhases = (
				23D0029FF92D0A2708929A6D /* Sources */,
				BE9875F38744D7F7EDB20322 /* Frameworks */,
			);
			buildRules = (
			);
			dependencies = (
				2B89234832725B926AA5BEDB /* PBXTargetDependency */,
			);
			name = AmachBreatheTests;
			packageProductDependencies = (
				2A4BA8C7FAA7AFF50FFA0707 /* AmachBreatheShared */,
			);
			productName = AmachBreatheTests;
			productReference = 6BC10E4810C8CD0DD042255D /* AmachBreatheTests.xctest */;
			productType = "com.apple.product-type.bundle.unit-test";
		};
		D5E24FFB8A57E26E03D39354 /* AmachBreathe */ = {
			isa = PBXNativeTarget;
			buildConfigurationList = CA53FC1BB186502CE3D2D33B /* Build configuration list for PBXNativeTarget "AmachBreathe" */;
			buildPhases = (
				438019DED4A585C23329DF22 /* Sources */,
				5E4085E664AD1CA3373583B4 /* Frameworks */,
			);
			buildRules = (
			);
			dependencies = (
			);
			name = AmachBreathe;
			packageProductDependencies = (
				AD5D80E56CC0C91F666C2ED6 /* AmachBreatheShared */,
			);
			productName = AmachBreathe;
			productReference = 189E3A52ECD338569B679F86 /* AmachBreathe.app */;
			productType = "com.apple.product-type.application";
		};
		F933C606C00E41B756403FCA /* AmachBreatheWatch */ = {
			isa = PBXNativeTarget;
			buildConfigurationList = FCC8E1F01204C86193E094B5 /* Build configuration list for PBXNativeTarget "AmachBreatheWatch" */;
			buildPhases = (
				F3BBDA2406A6AB8DC7ACCB07 /* Sources */,
				5A112E3A8C1ADC7F43234F2D /* Frameworks */,
			);
			buildRules = (
			);
			dependencies = (
			);
			name = AmachBreatheWatch;
			packageProductDependencies = (
				76A2C03C0ADCBD8F834AD57F /* AmachBreatheShared */,
			);
			productName = AmachBreatheWatch;
			productReference = 172C4A356E8CFD3E9CCC085E /* AmachBreatheWatch.app */;
			productType = "com.apple.product-type.application";
		};
/* End PBXNativeTarget section */

/* Begin PBXProject section */
		080D6D09391BB7CA9DF2F786 /* Project object */ = {
			isa = PBXProject;
			attributes = {
				BuildIndependentTargetsInParallel = YES;
				LastUpgradeCheck = 1600;
				TargetAttributes = {
					1840F8FB88A78A167D58C60D = {
						ProvisioningStyle = Manual;
					};
					D5E24FFB8A57E26E03D39354 = {
						DevelopmentTeam = "";
						ProvisioningStyle = Manual;
					};
					F933C606C00E41B756403FCA = {
						DevelopmentTeam = "";
						ProvisioningStyle = Manual;
					};
				};
			};
			buildConfigurationList = CFC29BCF887B95DA3C5EAC3A /* Build configuration list for PBXProject "AmachBreathe" */;
			developmentRegion = en;
			hasScannedForEncodings = 0;
			knownRegions = (
				Base,
				en,
			);
			mainGroup = E329ECCF579C4B818CA62F77;
			minimizedProjectReferenceProxies = 1;
			packageReferences = (
				B93303AC3B9A1E11F82382F4 /* XCLocalSwiftPackageReference "Shared" */,
			);
			preferredProjectObjectVersion = 77;
			productRefGroup = CEB010712A71AF98397F8CC4 /* Products */;
			projectDirPath = "";
			projectRoot = "";
			targets = (
				D5E24FFB8A57E26E03D39354 /* AmachBreathe */,
				1840F8FB88A78A167D58C60D /* AmachBreatheTests */,
				F933C606C00E41B756403FCA /* AmachBreatheWatch */,
			);
		};
/* End PBXProject section */

/* Begin PBXSourcesBuildPhase section */
		23D0029FF92D0A2708929A6D /* Sources */ = {
			isa = PBXSourcesBuildPhase;
			buildActionMask = 2147483647;
			files = (
				F91941A76702CE3ECA1901A5 /* AmachBreatheTests.swift in Sources */,
			);
			runOnlyForDeploymentPostprocessing = 0;
		};
		438019DED4A585C23329DF22 /* Sources */ = {
			isa = PBXSourcesBuildPhase;
			buildActionMask = 2147483647;
			files = (
				276D28351A4F7153DC55C484 /* AmachBreatheApp.swift in Sources */,
				0E43BF66DC59A336E2E698D8 /* ContentView.swift in Sources */,
			);
			runOnlyForDeploymentPostprocessing = 0;
		};
		F3BBDA2406A6AB8DC7ACCB07 /* Sources */ = {
			isa = PBXSourcesBuildPhase;
			buildActionMask = 2147483647;
			files = (
				D4863F57713FB5A59BB28D33 /* AmachBreatheWatchApp.swift in Sources */,
				BCA5021795609855575CD5FE /* WatchContentView.swift in Sources */,
			);
			runOnlyForDeploymentPostprocessing = 0;
		};
/* End PBXSourcesBuildPhase section */

/* Begin PBXTargetDependency section */
		2B89234832725B926AA5BEDB /* PBXTargetDependency */ = {
			isa = PBXTargetDependency;
			target = D5E24FFB8A57E26E03D39354 /* AmachBreathe */;
			targetProxy = 22BCFE0BD6CB7716D15B7B86 /* PBXContainerItemProxy */;
		};
/* End PBXTargetDependency section */

/* Begin XCBuildConfiguration section */
		00AD05573A7FC475377BF530 /* Debug */ = {
			isa = XCBuildConfiguration;
			buildSettings = {
				ASSETCATALOG_COMPILER_APPICON_NAME = AppIcon;
				CODE_SIGNING_ALLOWED = NO;
				CODE_SIGNING_REQUIRED = NO;
				CODE_SIGN_STYLE = Manual;
				DEVELOPMENT_TEAM = "";
				INFOPLIST_FILE = watchOS/Sources/App/Info.plist;
				PRODUCT_BUNDLE_IDENTIFIER = com.amach.AmachBreatheWatch;
				PRODUCT_NAME = "Amach Breathe Watch";
				SDKROOT = watchos;
				SKIP_INSTALL = YES;
				SWIFT_VERSION = 6.0;
				TARGETED_DEVICE_FAMILY = 4;
				WATCHOS_DEPLOYMENT_TARGET = 10.0;
				WKApplication = YES;
			};
			name = Debug;
		};
		11D232C40A3993F36A8413D9 /* Release */ = {
			isa = XCBuildConfiguration;
			buildSettings = {
				ALWAYS_SEARCH_USER_PATHS = NO;
				CLANG_ANALYZER_NONNULL = YES;
				CLANG_ANALYZER_NUMBER_OBJECT_CONVERSION = YES_AGGRESSIVE;
				CLANG_CXX_LANGUAGE_STANDARD = "gnu++14";
				CLANG_CXX_LIBRARY = "libc++";
				CLANG_ENABLE_MODULES = YES;
				CLANG_ENABLE_OBJC_ARC = YES;
				CLANG_ENABLE_OBJC_WEAK = YES;
				CLANG_WARN_BLOCK_CAPTURE_AUTORELEASING = YES;
				CLANG_WARN_BOOL_CONVERSION = YES;
				CLANG_WARN_COMMA = YES;
				CLANG_WARN_CONSTANT_CONVERSION = YES;
				CLANG_WARN_DEPRECATED_OBJC_IMPLEMENTATIONS = YES;
				CLANG_WARN_DIRECT_OBJC_ISA_USAGE = YES_ERROR;
				CLANG_WARN_DOCUMENTATION_COMMENTS = YES;
				CLANG_WARN_EMPTY_BODY = YES;
				CLANG_WARN_ENUM_CONVERSION = YES;
				CLANG_WARN_INFINITE_RECURSION = YES;
				CLANG_WARN_INT_CONVERSION = YES;
				CLANG_WARN_NON_LITERAL_NULL_CONVERSION = YES;
				CLANG_WARN_OBJC_IMPLICIT_RETAIN_SELF = YES;
				CLANG_WARN_OBJC_LITERAL_CONVERSION = YES;
				CLANG_WARN_OBJC_ROOT_CLASS = YES_ERROR;
				CLANG_WARN_QUOTED_INCLUDE_IN_FRAMEWORK_HEADER = YES;
				CLANG_WARN_RANGE_LOOP_ANALYSIS = YES;
				CLANG_WARN_STRICT_PROTOTYPES = YES;
				CLANG_WARN_SUSPICIOUS_MOVE = YES;
				CLANG_WARN_UNGUARDED_AVAILABILITY = YES_AGGRESSIVE;
				CLANG_WARN_UNREACHABLE_CODE = YES;
				CLANG_WARN__DUPLICATE_METHOD_MATCH = YES;
				COPY_PHASE_STRIP = NO;
				DEBUG_INFORMATION_FORMAT = "dwarf-with-dsym";
				ENABLE_NS_ASSERTIONS = NO;
				ENABLE_STRICT_OBJC_MSGSEND = YES;
				GCC_C_LANGUAGE_STANDARD = gnu11;
				GCC_NO_COMMON_BLOCKS = YES;
				GCC_WARN_64_TO_32_BIT_CONVERSION = YES;
				GCC_WARN_ABOUT_RETURN_TYPE = YES_ERROR;
				GCC_WARN_UNDECLARED_SELECTOR = YES;
				GCC_WARN_UNINITIALIZED_AUTOS = YES_AGGRESSIVE;
				GCC_WARN_UNUSED_FUNCTION = YES;
				GCC_WARN_UNUSED_VARIABLE = YES;
				IPHONEOS_DEPLOYMENT_TARGET = 17.0;
				MTL_ENABLE_DEBUG_INFO = NO;
				MTL_FAST_MATH = YES;
				PRODUCT_NAME = "$(TARGET_NAME)";
				SWIFT_COMPILATION_MODE = wholemodule;
				SWIFT_OPTIMIZATION_LEVEL = "-O";
				SWIFT_VERSION = 5.0;
				WATCHOS_DEPLOYMENT_TARGET = 10.0;
			};
			name = Release;
		};
		3847F9898C55158209B9FEDF /* Release */ = {
			isa = XCBuildConfiguration;
			buildSettings = {
				ASSETCATALOG_COMPILER_APPICON_NAME = AppIcon;
				CODE_SIGNING_ALLOWED = NO;
				CODE_SIGNING_REQUIRED = NO;
				CODE_SIGN_STYLE = Manual;
				DEVELOPMENT_TEAM = "";
				INFOPLIST_FILE = watchOS/Sources/App/Info.plist;
				PRODUCT_BUNDLE_IDENTIFIER = com.amach.AmachBreatheWatch;
				PRODUCT_NAME = "Amach Breathe Watch";
				SDKROOT = watchos;
				SKIP_INSTALL = YES;
				SWIFT_VERSION = 6.0;
				TARGETED_DEVICE_FAMILY = 4;
				WATCHOS_DEPLOYMENT_TARGET = 10.0;
				WKApplication = YES;
			};
			name = Release;
		};
		B3469668DE34AE492D9A6B68 /* Release */ = {
			isa = XCBuildConfiguration;
			buildSettings = {
				BUNDLE_LOADER = "$(TEST_HOST)";
				CODE_SIGNING_ALLOWED = NO;
				CODE_SIGNING_REQUIRED = NO;
				CODE_SIGN_STYLE = Manual;
				IPHONEOS_DEPLOYMENT_TARGET = 17.0;
				LD_RUNPATH_SEARCH_PATHS = (
					"$(inherited)",
					"@executable_path/Frameworks",
					"@loader_path/Frameworks",
				);
				PRODUCT_BUNDLE_IDENTIFIER = com.amach.AmachBreatheTests;
				SDKROOT = iphoneos;
				SWIFT_VERSION = 6.0;
				TARGETED_DEVICE_FAMILY = "1,2";
				TEST_HOST = "$(BUILT_PRODUCTS_DIR)/AmachBreathe.app/AmachBreathe";
			};
			name = Release;
		};
		C45ABF4DF36F6DBCFDC5C973 /* Debug */ = {
			isa = XCBuildConfiguration;
			buildSettings = {
				ALWAYS_SEARCH_USER_PATHS = NO;
				CLANG_ANALYZER_NONNULL = YES;
				CLANG_ANALYZER_NUMBER_OBJECT_CONVERSION = YES_AGGRESSIVE;
				CLANG_CXX_LANGUAGE_STANDARD = "gnu++14";
				CLANG_CXX_LIBRARY = "libc++";
				CLANG_ENABLE_MODULES = YES;
				CLANG_ENABLE_OBJC_ARC = YES;
				CLANG_ENABLE_OBJC_WEAK = YES;
				CLANG_WARN_BLOCK_CAPTURE_AUTORELEASING = YES;
				CLANG_WARN_BOOL_CONVERSION = YES;
				CLANG_WARN_COMMA = YES;
				CLANG_WARN_CONSTANT_CONVERSION = YES;
				CLANG_WARN_DEPRECATED_OBJC_IMPLEMENTATIONS = YES;
				CLANG_WARN_DIRECT_OBJC_ISA_USAGE = YES_ERROR;
				CLANG_WARN_DOCUMENTATION_COMMENTS = YES;
				CLANG_WARN_EMPTY_BODY = YES;
				CLANG_WARN_ENUM_CONVERSION = YES;
				CLANG_WARN_INFINITE_RECURSION = YES;
				CLANG_WARN_INT_CONVERSION = YES;
				CLANG_WARN_NON_LITERAL_NULL_CONVERSION = YES;
				CLANG_WARN_OBJC_IMPLICIT_RETAIN_SELF = YES;
				CLANG_WARN_OBJC_LITERAL_CONVERSION = YES;
				CLANG_WARN_OBJC_ROOT_CLASS = YES_ERROR;
				CLANG_WARN_QUOTED_INCLUDE_IN_FRAMEWORK_HEADER = YES;
				CLANG_WARN_RANGE_LOOP_ANALYSIS = YES;
				CLANG_WARN_STRICT_PROTOTYPES = YES;
				CLANG_WARN_SUSPICIOUS_MOVE = YES;
				CLANG_WARN_UNGUARDED_AVAILABILITY = YES_AGGRESSIVE;
				CLANG_WARN_UNREACHABLE_CODE = YES;
				CLANG_WARN__DUPLICATE_METHOD_MATCH = YES;
				COPY_PHASE_STRIP = NO;
				DEBUG_INFORMATION_FORMAT = dwarf;
				ENABLE_STRICT_OBJC_MSGSEND = YES;
				ENABLE_TESTABILITY = YES;
				GCC_C_LANGUAGE_STANDARD = gnu11;
				GCC_DYNAMIC_NO_PIC = NO;
				GCC_NO_COMMON_BLOCKS = YES;
				GCC_OPTIMIZATION_LEVEL = 0;
				GCC_PREPROCESSOR_DEFINITIONS = (
					"$(inherited)",
					"DEBUG=1",
				);
				GCC_WARN_64_TO_32_BIT_CONVERSION = YES;
				GCC_WARN_ABOUT_RETURN_TYPE = YES_ERROR;
				GCC_WARN_UNDECLARED_SELECTOR = YES;
				GCC_WARN_UNINITIALIZED_AUTOS = YES_AGGRESSIVE;
				GCC_WARN_UNUSED_FUNCTION = YES;
				GCC_WARN_UNUSED_VARIABLE = YES;
				IPHONEOS_DEPLOYMENT_TARGET = 17.0;
				MTL_ENABLE_DEBUG_INFO = INCLUDE_SOURCE;
				MTL_FAST_MATH = YES;
				ONLY_ACTIVE_ARCH = YES;
				PRODUCT_NAME = "$(TARGET_NAME)";
				SWIFT_ACTIVE_COMPILATION_CONDITIONS = DEBUG;
				SWIFT_OPTIMIZATION_LEVEL = "-Onone";
				SWIFT_VERSION = 5.0;
				WATCHOS_DEPLOYMENT_TARGET = 10.0;
			};
			name = Debug;
		};
		D2E88CAE8BB33031574075B5 /* Debug */ = {
			isa = XCBuildConfiguration;
			buildSettings = {
				ASSETCATALOG_COMPILER_APPICON_NAME = AppIcon;
				CODE_SIGNING_ALLOWED = NO;
				CODE_SIGNING_REQUIRED = NO;
				CODE_SIGN_IDENTITY = "iPhone Developer";
				CODE_SIGN_STYLE = Manual;
				DEVELOPMENT_TEAM = "";
				INFOPLIST_FILE = iOS/Sources/App/Info.plist;
				IPHONEOS_DEPLOYMENT_TARGET = 17.0;
				LD_RUNPATH_SEARCH_PATHS = (
					"$(inherited)",
					"@executable_path/Frameworks",
				);
				PRODUCT_BUNDLE_IDENTIFIER = com.amach.AmachBreathe;
				PRODUCT_NAME = "Amach Breathe";
				SDKROOT = iphoneos;
				SWIFT_VERSION = 6.0;
				TARGETED_DEVICE_FAMILY = "1,2";
			};
			name = Debug;
		};
		D9729EEA1BEFA9514676FF6E /* Release */ = {
			isa = XCBuildConfiguration;
			buildSettings = {
				ASSETCATALOG_COMPILER_APPICON_NAME = AppIcon;
				CODE_SIGNING_ALLOWED = NO;
				CODE_SIGNING_REQUIRED = NO;
				CODE_SIGN_IDENTITY = "iPhone Developer";
				CODE_SIGN_STYLE = Manual;
				DEVELOPMENT_TEAM = "";
				INFOPLIST_FILE = iOS/Sources/App/Info.plist;
				IPHONEOS_DEPLOYMENT_TARGET = 17.0;
				LD_RUNPATH_SEARCH_PATHS = (
					"$(inherited)",
					"@executable_path/Frameworks",
				);
				PRODUCT_BUNDLE_IDENTIFIER = com.amach.AmachBreathe;
				PRODUCT_NAME = "Amach Breathe";
				SDKROOT = iphoneos;
				SWIFT_VERSION = 6.0;
				TARGETED_DEVICE_FAMILY = "1,2";
			};
			name = Release;
		};
		E51AB5BD3DC14A9673629BF8 /* Debug */ = {
			isa = XCBuildConfiguration;
			buildSettings = {
				BUNDLE_LOADER = "$(TEST_HOST)";
				CODE_SIGNING_ALLOWED = NO;
				CODE_SIGNING_REQUIRED = NO;
				CODE_SIGN_STYLE = Manual;
				IPHONEOS_DEPLOYMENT_TARGET = 17.0;
				LD_RUNPATH_SEARCH_PATHS = (
					"$(inherited)",
					"@executable_path/Frameworks",
					"@loader_path/Frameworks",
				);
				PRODUCT_BUNDLE_IDENTIFIER = com.amach.AmachBreatheTests;
				SDKROOT = iphoneos;
				SWIFT_VERSION = 6.0;
				TARGETED_DEVICE_FAMILY = "1,2";
				TEST_HOST = "$(BUILT_PRODUCTS_DIR)/AmachBreathe.app/AmachBreathe";
			};
			name = Debug;
		};
/* End XCBuildConfiguration section */

/* Begin XCConfigurationList section */
		28CD51A6A762341250E0A386 /* Build configuration list for PBXNativeTarget "AmachBreatheTests" */ = {
			isa = XCConfigurationList;
			buildConfigurations = (
				E51AB5BD3DC14A9673629BF8 /* Debug */,
				B3469668DE34AE492D9A6B68 /* Release */,
			);
			defaultConfigurationIsVisible = 0;
			defaultConfigurationName = Debug;
		};
		CA53FC1BB186502CE3D2D33B /* Build configuration list for PBXNativeTarget "AmachBreathe" */ = {
			isa = XCConfigurationList;
			buildConfigurations = (
				D2E88CAE8BB33031574075B5 /* Debug */,
				D9729EEA1BEFA9514676FF6E /* Release */,
			);
			defaultConfigurationIsVisible = 0;
			defaultConfigurationName = Debug;
		};
		CFC29BCF887B95DA3C5EAC3A /* Build configuration list for PBXProject "AmachBreathe" */ = {
			isa = XCConfigurationList;
			buildConfigurations = (
				C45ABF4DF36F6DBCFDC5C973 /* Debug */,
				11D232C40A3993F36A8413D9 /* Release */,
			);
			defaultConfigurationIsVisible = 0;
			defaultConfigurationName = Debug;
		};
		FCC8E1F01204C86193E094B5 /* Build configuration list for PBXNativeTarget "AmachBreatheWatch" */ = {
			isa = XCConfigurationList;
			buildConfigurations = (
				00AD05573A7FC475377BF530 /* Debug */,
				3847F9898C55158209B9FEDF /* Release */,
			);
			defaultConfigurationIsVisible = 0;
			defaultConfigurationName = Debug;
		};
/* End XCConfigurationList section */

/* Begin XCLocalSwiftPackageReference section */
		B93303AC3B9A1E11F82382F4 /* XCLocalSwiftPackageReference "Shared" */ = {
			isa = XCLocalSwiftPackageReference;
			relativePath = Shared;
		};
/* End XCLocalSwiftPackageReference section */

/* Begin XCSwiftPackageProductDependency section */
		2A4BA8C7FAA7AFF50FFA0707 /* AmachBreatheShared */ = {
			isa = XCSwiftPackageProductDependency;
			productName = AmachBreatheShared;
		};
		76A2C03C0ADCBD8F834AD57F /* AmachBreatheShared */ = {
			isa = XCSwiftPackageProductDependency;
			productName = AmachBreatheShared;
		};
		AD5D80E56CC0C91F666C2ED6 /* AmachBreatheShared */ = {
			isa = XCSwiftPackageProductDependency;
			productName = AmachBreatheShared;
		};
/* End XCSwiftPackageProductDependency section */
	};
	rootObject = 080D6D09391BB7CA9DF2F786 /* Project object */;
}
